// !$*UTF8*$!
{
	archiveVersion = 1;
	classes = {
	};
	objectVersion = 46;
	objects = {

/* Begin PBXBuildFile section */
		1CF2F3CC1F3313B70051FD30 /* libz.tbd in Frameworks */ = {isa = PBXBuildFile; fileRef = 1CF2F3CB1F3313B70051FD30 /* libz.tbd */; };
		240C440A1B2B1127009F456B /* connectedbybremote.png in Resources */ = {isa = PBXBuildFile; fileRef = 240C44081B2B1126009F456B /* connectedbybremote.png */; };
		240C440B1B2B1127009F456B /* notconnectedbybremote.png in Resources */ = {isa = PBXBuildFile; fileRef = 240C44091B2B1126009F456B /* notconnectedbybremote.png */; };
		240C440D1B2B1624009F456B /* Images.xcassets in Resources */ = {isa = PBXBuildFile; fileRef = 240C440C1B2B1624009F456B /* Images.xcassets */; };
		240C44171B2B1C0D009F456B /* icon40.png in Resources */ = {isa = PBXBuildFile; fileRef = 240C440E1B2B1C0D009F456B /* icon40.png */; };
		240C44181B2B1C0D009F456B /* icon40@2x.png in Resources */ = {isa = PBXBuildFile; fileRef = 240C440F1B2B1C0D009F456B /* icon40@2x.png */; };
		240C44191B2B1C0D009F456B /* icon57.png in Resources */ = {isa = PBXBuildFile; fileRef = 240C44101B2B1C0D009F456B /* icon57.png */; };
		240C441A1B2B1C0D009F456B /* icon57@2x.png in Resources */ = {isa = PBXBuildFile; fileRef = 240C44111B2B1C0D009F456B /* icon57@2x.png */; };
		240C441B1B2B1C0D009F456B /* icon60.png in Resources */ = {isa = PBXBuildFile; fileRef = 240C44121B2B1C0D009F456B /* icon60.png */; };
		240C441C1B2B1C0D009F456B /* icon60@2x.png in Resources */ = {isa = PBXBuildFile; fileRef = 240C44131B2B1C0D009F456B /* icon60@2x.png */; };
		240C441D1B2B1C0D009F456B /* icon60@3x.png in Resources */ = {isa = PBXBuildFile; fileRef = 240C44141B2B1C0D009F456B /* icon60@3x.png */; };
		240C441E1B2B1C0D009F456B /* icons29.png in Resources */ = {isa = PBXBuildFile; fileRef = 240C44151B2B1C0D009F456B /* icons29.png */; };
		240C441F1B2B1C0D009F456B /* icons29@2x.png in Resources */ = {isa = PBXBuildFile; fileRef = 240C44161B2B1C0D009F456B /* icons29@2x.png */; };
		240C44251B2B28E0009F456B /* splash480.png in Resources */ = {isa = PBXBuildFile; fileRef = 240C44201B2B28E0009F456B /* splash480.png */; };
		240C44261B2B28E0009F456B /* splash960.png in Resources */ = {isa = PBXBuildFile; fileRef = 240C44211B2B28E0009F456B /* splash960.png */; };
		240C44271B2B28E0009F456B /* splash1136.png in Resources */ = {isa = PBXBuildFile; fileRef = 240C44221B2B28E0009F456B /* splash1136.png */; };
		240C44281B2B28E0009F456B /* splash1334.png in Resources */ = {isa = PBXBuildFile; fileRef = 240C44231B2B28E0009F456B /* splash1334.png */; };
		240C44291B2B28E0009F456B /* splash2208.png in Resources */ = {isa = PBXBuildFile; fileRef = 240C44241B2B28E0009F456B /* splash2208.png */; };
		245C99401B1F7BCD004286C8 /* SensibleTableView.framework in Frameworks */ = {isa = PBXBuildFile; fileRef = 245C993F1B1F7BCD004286C8 /* SensibleTableView.framework */; };
		6F089475174EDEA600AF3D7F /* Comic_Book.ttf in Resources */ = {isa = PBXBuildFile; fileRef = 6F089474174ED8E500AF3D7F /* Comic_Book.ttf */; };
		6F5FE06418273FBC00FA8647 /* battery-0.png in Resources */ = {isa = PBXBuildFile; fileRef = 6F5FE05E18273FBC00FA8647 /* battery-0.png */; };
		6F5FE06518273FBC00FA8647 /* battery-25.png in Resources */ = {isa = PBXBuildFile; fileRef = 6F5FE05F18273FBC00FA8647 /* battery-25.png */; };
		6F5FE06618273FBC00FA8647 /* battery-50.png in Resources */ = {isa = PBXBuildFile; fileRef = 6F5FE06018273FBC00FA8647 /* battery-50.png */; };
		6F5FE06718273FBC00FA8647 /* battery-80.png in Resources */ = {isa = PBXBuildFile; fileRef = 6F5FE06118273FBC00FA8647 /* battery-80.png */; };
		6F5FE06818273FBC00FA8647 /* battery-90.png in Resources */ = {isa = PBXBuildFile; fileRef = 6F5FE06218273FBC00FA8647 /* battery-90.png */; };
		6F5FE06918273FBC00FA8647 /* battery-95.png in Resources */ = {isa = PBXBuildFile; fileRef = 6F5FE06318273FBC00FA8647 /* battery-95.png */; };
		6F6A118A174DA127004465B5 /* ChartBG.png in Resources */ = {isa = PBXBuildFile; fileRef = 6F6A1183174DA127004465B5 /* ChartBG.png */; };
		6F6A118B174DA127004465B5 /* ChartBG@2x.png in Resources */ = {isa = PBXBuildFile; fileRef = 6F6A1184174DA127004465B5 /* ChartBG@2x.png */; };
		6F7A9EFA171A1732004B1575 /* Foundation.framework in Frameworks */ = {isa = PBXBuildFile; fileRef = 6F7A9EF9171A1732004B1575 /* Foundation.framework */; };
		6F7A9EFC171A1732004B1575 /* CoreGraphics.framework in Frameworks */ = {isa = PBXBuildFile; fileRef = 6F7A9EFB171A1732004B1575 /* CoreGraphics.framework */; };
		6F7A9F04171A1732004B1575 /* main.m in Sources */ = {isa = PBXBuildFile; fileRef = 6F7A9F03171A1732004B1575 /* main.m */; };
		6F7A9F08171A1732004B1575 /* BYBAppDelegate.m in Sources */ = {isa = PBXBuildFile; fileRef = 6F7A9F07171A1732004B1575 /* BYBAppDelegate.m */; };
		6F7A9F2C171A338C004B1575 /* BYBRoboRoachViewController.m in Sources */ = {isa = PBXBuildFile; fileRef = 6F7A9F2B171A338C004B1575 /* BYBRoboRoachViewController.m */; };
		6F7A9F2E171A5CD3004B1575 /* CoreBluetooth.framework in Frameworks */ = {isa = PBXBuildFile; fileRef = 6F7A9F2D171A5CD3004B1575 /* CoreBluetooth.framework */; };
		6F7A9F31171A64C0004B1575 /* BYBRoboRoachManager.m in Sources */ = {isa = PBXBuildFile; fileRef = 6F7A9F30171A64C0004B1575 /* BYBRoboRoachManager.m */; };
		6F86CCBA17EFC83600C5CC07 /* Default-568h@2x~iphone.png in Resources */ = {isa = PBXBuildFile; fileRef = 6F86CCB717EFC83600C5CC07 /* Default-568h@2x~iphone.png */; };
		6F86CCBB17EFC83600C5CC07 /* Default@2x~iphone.png in Resources */ = {isa = PBXBuildFile; fileRef = 6F86CCB817EFC83600C5CC07 /* Default@2x~iphone.png */; };
		6F86CCBC17EFC83600C5CC07 /* Default~iphone.png in Resources */ = {isa = PBXBuildFile; fileRef = 6F86CCB917EFC83600C5CC07 /* Default~iphone.png */; };
		6F938D24171F32EF0084E06A /* BYBRoboRoachSettingsViewController.m in Sources */ = {isa = PBXBuildFile; fileRef = 6F938D23171F32EF0084E06A /* BYBRoboRoachSettingsViewController.m */; };
		6F938D2D171F42A10084E06A /* BYBRoboRoach.m in Sources */ = {isa = PBXBuildFile; fileRef = 6F938D2C171F42A10084E06A /* BYBRoboRoach.m */; };
		6FBAF568172442CF00C8E3D1 /* UIKit.framework in Frameworks */ = {isa = PBXBuildFile; fileRef = 6FBAF5661724428F00C8E3D1 /* UIKit.framework */; };
		6FC6B0ED1823408F001E798D /* BackbackHD.png in Resources */ = {isa = PBXBuildFile; fileRef = 6FC6B0EC1823408F001E798D /* BackbackHD.png */; };
		6FC6B0F11823471C001E798D /* LED-Left.png in Resources */ = {isa = PBXBuildFile; fileRef = 6FC6B0F01823471C001E798D /* LED-Left.png */; };
		6FC6B0F318235AAF001E798D /* roachHD.png in Resources */ = {isa = PBXBuildFile; fileRef = 6FC6B0F218235AAF001E798D /* roachHD.png */; };
		6FFDD11B174EC03A001CDD9C /* BYBRoboRoach_iPhone.storyboard in Resources */ = {isa = PBXBuildFile; fileRef = 6FFDD11A174EC03A001CDD9C /* BYBRoboRoach_iPhone.storyboard */; };
/* End PBXBuildFile section */

/* Begin PBXFileReference section */
		1CF2F3CB1F3313B70051FD30 /* libz.tbd */ = {isa = PBXFileReference; lastKnownFileType = "sourcecode.text-based-dylib-definition"; name = libz.tbd; path = usr/lib/libz.tbd; sourceTree = SDKROOT; };
		240C44081B2B1126009F456B /* connectedbybremote.png */ = {isa = PBXFileReference; lastKnownFileType = image.png; path = connectedbybremote.png; sourceTree = "<group>"; };
		240C44091B2B1126009F456B /* notconnectedbybremote.png */ = {isa = PBXFileReference; lastKnownFileType = image.png; path = notconnectedbybremote.png; sourceTree = "<group>"; };
		240C440C1B2B1624009F456B /* Images.xcassets */ = {isa = PBXFileReference; lastKnownFileType = folder.assetcatalog; name = Images.xcassets; path = "BYB Remote/Images.xcassets"; sourceTree = "<group>"; };
		240C440E1B2B1C0D009F456B /* icon40.png */ = {isa = PBXFileReference; lastKnownFileType = image.png; path = icon40.png; sourceTree = "<group>"; };
		240C440F1B2B1C0D009F456B /* icon40@2x.png */ = {isa = PBXFileReference; lastKnownFileType = image.png; path = "icon40@2x.png"; sourceTree = "<group>"; };
		240C44101B2B1C0D009F456B /* icon57.png */ = {isa = PBXFileReference; lastKnownFileType = image.png; path = icon57.png; sourceTree = "<group>"; };
		240C44111B2B1C0D009F456B /* icon57@2x.png */ = {isa = PBXFileReference; lastKnownFileType = image.png; path = "icon57@2x.png"; sourceTree = "<group>"; };
		240C44121B2B1C0D009F456B /* icon60.png */ = {isa = PBXFileReference; lastKnownFileType = image.png; path = icon60.png; sourceTree = "<group>"; };
		240C44131B2B1C0D009F456B /* icon60@2x.png */ = {isa = PBXFileReference; lastKnownFileType = image.png; path = "icon60@2x.png"; sourceTree = "<group>"; };
		240C44141B2B1C0D009F456B /* icon60@3x.png */ = {isa = PBXFileReference; lastKnownFileType = image.png; path = "icon60@3x.png"; sourceTree = "<group>"; };
		240C44151B2B1C0D009F456B /* icons29.png */ = {isa = PBXFileReference; lastKnownFileType = image.png; path = icons29.png; sourceTree = "<group>"; };
		240C44161B2B1C0D009F456B /* icons29@2x.png */ = {isa = PBXFileReference; lastKnownFileType = image.png; path = "icons29@2x.png"; sourceTree = "<group>"; };
		240C44201B2B28E0009F456B /* splash480.png */ = {isa = PBXFileReference; lastKnownFileType = image.png; path = splash480.png; sourceTree = "<group>"; };
		240C44211B2B28E0009F456B /* splash960.png */ = {isa = PBXFileReference; lastKnownFileType = image.png; path = splash960.png; sourceTree = "<group>"; };
		240C44221B2B28E0009F456B /* splash1136.png */ = {isa = PBXFileReference; lastKnownFileType = image.png; path = splash1136.png; sourceTree = "<group>"; };
		240C44231B2B28E0009F456B /* splash1334.png */ = {isa = PBXFileReference; lastKnownFileType = image.png; path = splash1334.png; sourceTree = "<group>"; };
		240C44241B2B28E0009F456B /* splash2208.png */ = {isa = PBXFileReference; lastKnownFileType = image.png; path = splash2208.png; sourceTree = "<group>"; };
		245C993F1B1F7BCD004286C8 /* SensibleTableView.framework */ = {isa = PBXFileReference; lastKnownFileType = wrapper.framework; path = SensibleTableView.framework; sourceTree = "<group>"; };
		6F089474174ED8E500AF3D7F /* Comic_Book.ttf */ = {isa = PBXFileReference; lastKnownFileType = file; path = Comic_Book.ttf; sourceTree = "<group>"; };
		6F5FE05E18273FBC00FA8647 /* battery-0.png */ = {isa = PBXFileReference; lastKnownFileType = image.png; path = "battery-0.png"; sourceTree = "<group>"; };
		6F5FE05F18273FBC00FA8647 /* battery-25.png */ = {isa = PBXFileReference; lastKnownFileType = image.png; path = "battery-25.png"; sourceTree = "<group>"; };
		6F5FE06018273FBC00FA8647 /* battery-50.png */ = {isa = PBXFileReference; lastKnownFileType = image.png; path = "battery-50.png"; sourceTree = "<group>"; };
		6F5FE06118273FBC00FA8647 /* battery-80.png */ = {isa = PBXFileReference; lastKnownFileType = image.png; path = "battery-80.png"; sourceTree = "<group>"; };
		6F5FE06218273FBC00FA8647 /* battery-90.png */ = {isa = PBXFileReference; lastKnownFileType = image.png; path = "battery-90.png"; sourceTree = "<group>"; };
		6F5FE06318273FBC00FA8647 /* battery-95.png */ = {isa = PBXFileReference; lastKnownFileType = image.png; path = "battery-95.png"; sourceTree = "<group>"; };
		6F6A1183174DA127004465B5 /* ChartBG.png */ = {isa = PBXFileReference; lastKnownFileType = image.png; path = ChartBG.png; sourceTree = "<group>"; };
		6F6A1184174DA127004465B5 /* ChartBG@2x.png */ = {isa = PBXFileReference; lastKnownFileType = image.png; path = "ChartBG@2x.png"; sourceTree = "<group>"; };
		6F7A9EF4171A1732004B1575 /* BYB Remote.app */ = {isa = PBXFileReference; explicitFileType = wrapper.application; includeInIndex = 0; path = "BYB Remote.app"; sourceTree = BUILT_PRODUCTS_DIR; };
		6F7A9EF9171A1732004B1575 /* Foundation.framework */ = {isa = PBXFileReference; lastKnownFileType = wrapper.framework; name = Foundation.framework; path = System/Library/Frameworks/Foundation.framework; sourceTree = SDKROOT; };
		6F7A9EFB171A1732004B1575 /* CoreGraphics.framework */ = {isa = PBXFileReference; lastKnownFileType = wrapper.framework; name = CoreGraphics.framework; path = System/Library/Frameworks/CoreGraphics.framework; sourceTree = SDKROOT; };
		6F7A9EFF171A1732004B1575 /* RoboRoach-Info.plist */ = {isa = PBXFileReference; lastKnownFileType = text.plist.xml; path = "RoboRoach-Info.plist"; sourceTree = "<group>"; };
		6F7A9F03171A1732004B1575 /* main.m */ = {isa = PBXFileReference; lastKnownFileType = sourcecode.c.objc; path = main.m; sourceTree = "<group>"; };
		6F7A9F05171A1732004B1575 /* RoboRoach-Prefix.pch */ = {isa = PBXFileReference; lastKnownFileType = sourcecode.c.h; path = "RoboRoach-Prefix.pch"; sourceTree = "<group>"; };
		6F7A9F06171A1732004B1575 /* BYBAppDelegate.h */ = {isa = PBXFileReference; lastKnownFileType = sourcecode.c.h; path = BYBAppDelegate.h; sourceTree = "<group>"; };
		6F7A9F07171A1732004B1575 /* BYBAppDelegate.m */ = {isa = PBXFileReference; lastKnownFileType = sourcecode.c.objc; path = BYBAppDelegate.m; sourceTree = "<group>"; };
		6F7A9F2A171A338C004B1575 /* BYBRoboRoachViewController.h */ = {isa = PBXFileReference; fileEncoding = 4; lastKnownFileType = sourcecode.c.h; path = BYBRoboRoachViewController.h; sourceTree = "<group>"; };
		6F7A9F2B171A338C004B1575 /* BYBRoboRoachViewController.m */ = {isa = PBXFileReference; fileEncoding = 4; lastKnownFileType = sourcecode.c.objc; path = BYBRoboRoachViewController.m; sourceTree = "<group>"; };
		6F7A9F2D171A5CD3004B1575 /* CoreBluetooth.framework */ = {isa = PBXFileReference; lastKnownFileType = wrapper.framework; name = CoreBluetooth.framework; path = System/Library/Frameworks/CoreBluetooth.framework; sourceTree = SDKROOT; };
		6F7A9F2F171A64C0004B1575 /* BYBRoboRoachManager.h */ = {isa = PBXFileReference; fileEncoding = 4; lastKnownFileType = sourcecode.c.h; path = BYBRoboRoachManager.h; sourceTree = "<group>"; };
		6F7A9F30171A64C0004B1575 /* BYBRoboRoachManager.m */ = {isa = PBXFileReference; fileEncoding = 4; lastKnownFileType = sourcecode.c.objc; path = BYBRoboRoachManager.m; sourceTree = "<group>"; };
		6F86CCB717EFC83600C5CC07 /* Default-568h@2x~iphone.png */ = {isa = PBXFileReference; lastKnownFileType = image.png; path = "Default-568h@2x~iphone.png"; sourceTree = "<group>"; };
		6F86CCB817EFC83600C5CC07 /* Default@2x~iphone.png */ = {isa = PBXFileReference; lastKnownFileType = image.png; path = "Default@2x~iphone.png"; sourceTree = "<group>"; };
		6F86CCB917EFC83600C5CC07 /* Default~iphone.png */ = {isa = PBXFileReference; lastKnownFileType = image.png; path = "Default~iphone.png"; sourceTree = "<group>"; };
		6F938D22171F32EF0084E06A /* BYBRoboRoachSettingsViewController.h */ = {isa = PBXFileReference; fileEncoding = 4; lastKnownFileType = sourcecode.c.h; path = BYBRoboRoachSettingsViewController.h; sourceTree = "<group>"; };
		6F938D23171F32EF0084E06A /* BYBRoboRoachSettingsViewController.m */ = {isa = PBXFileReference; fileEncoding = 4; lastKnownFileType = sourcecode.c.objc; path = BYBRoboRoachSettingsViewController.m; sourceTree = "<group>"; };
		6F938D2B171F42A10084E06A /* BYBRoboRoach.h */ = {isa = PBXFileReference; fileEncoding = 4; lastKnownFileType = sourcecode.c.h; path = BYBRoboRoach.h; sourceTree = "<group>"; };
		6F938D2C171F42A10084E06A /* BYBRoboRoach.m */ = {isa = PBXFileReference; fileEncoding = 4; lastKnownFileType = sourcecode.c.objc; path = BYBRoboRoach.m; sourceTree = "<group>"; };
		6FBAF5661724428F00C8E3D1 /* UIKit.framework */ = {isa = PBXFileReference; lastKnownFileType = wrapper.framework; name = UIKit.framework; path = System/Library/Frameworks/UIKit.framework; sourceTree = SDKROOT; };
		6FC6B0EC1823408F001E798D /* BackbackHD.png */ = {isa = PBXFileReference; lastKnownFileType = image.png; path = BackbackHD.png; sourceTree = "<group>"; };
		6FC6B0F01823471C001E798D /* LED-Left.png */ = {isa = PBXFileReference; lastKnownFileType = image.png; path = "LED-Left.png"; sourceTree = "<group>"; };
		6FC6B0F218235AAF001E798D /* roachHD.png */ = {isa = PBXFileReference; lastKnownFileType = image.png; path = roachHD.png; sourceTree = "<group>"; };
		6FFDD11A174EC03A001CDD9C /* BYBRoboRoach_iPhone.storyboard */ = {isa = PBXFileReference; fileEncoding = 4; lastKnownFileType = file.storyboard; path = BYBRoboRoach_iPhone.storyboard; sourceTree = "<group>"; };
/* End PBXFileReference section */

/* Begin PBXFrameworksBuildPhase section */
		6F7A9EF1171A1732004B1575 /* Frameworks */ = {
			isa = PBXFrameworksBuildPhase;
			buildActionMask = 2147483647;
			files = (
				1CF2F3CC1F3313B70051FD30 /* libz.tbd in Frameworks */,
				245C99401B1F7BCD004286C8 /* SensibleTableView.framework in Frameworks */,
				6F7A9F2E171A5CD3004B1575 /* CoreBluetooth.framework in Frameworks */,
				6F7A9EFA171A1732004B1575 /* Foundation.framework in Frameworks */,
				6FBAF568172442CF00C8E3D1 /* UIKit.framework in Frameworks */,
				6F7A9EFC171A1732004B1575 /* CoreGraphics.framework in Frameworks */,
			);
			runOnlyForDeploymentPostprocessing = 0;
		};
/* End PBXFrameworksBuildPhase section */

/* Begin PBXGroup section */
		6F7A9EEB171A1732004B1575 = {
			isa = PBXGroup;
			children = (
				240C440C1B2B1624009F456B /* Images.xcassets */,
				6F7A9EFD171A1732004B1575 /* RoboRoach */,
				6F7A9EF6171A1732004B1575 /* Frameworks */,
				6F7A9EF5171A1732004B1575 /* Products */,
			);
			sourceTree = "<group>";
		};
		6F7A9EF5171A1732004B1575 /* Products */ = {
			isa = PBXGroup;
			children = (
				6F7A9EF4171A1732004B1575 /* BYB Remote.app */,
			);
			name = Products;
			sourceTree = "<group>";
		};
		6F7A9EF6171A1732004B1575 /* Frameworks */ = {
			isa = PBXGroup;
			children = (
				1CF2F3CB1F3313B70051FD30 /* libz.tbd */,
				245C993F1B1F7BCD004286C8 /* SensibleTableView.framework */,
				6FBAF5661724428F00C8E3D1 /* UIKit.framework */,
				6F7A9F2D171A5CD3004B1575 /* CoreBluetooth.framework */,
				6F7A9EF9171A1732004B1575 /* Foundation.framework */,
				6F7A9EFB171A1732004B1575 /* CoreGraphics.framework */,
			);
			name = Frameworks;
			sourceTree = "<group>";
		};
		6F7A9EFD171A1732004B1575 /* RoboRoach */ = {
			isa = PBXGroup;
			children = (
				6F7A9F06171A1732004B1575 /* BYBAppDelegate.h */,
				6F7A9F07171A1732004B1575 /* BYBAppDelegate.m */,
				6F7A9F2F171A64C0004B1575 /* BYBRoboRoachManager.h */,
				6F7A9F30171A64C0004B1575 /* BYBRoboRoachManager.m */,
				6F938D2B171F42A10084E06A /* BYBRoboRoach.h */,
				6F938D2C171F42A10084E06A /* BYBRoboRoach.m */,
				6F7A9F2A171A338C004B1575 /* BYBRoboRoachViewController.h */,
				6F7A9F2B171A338C004B1575 /* BYBRoboRoachViewController.m */,
				6F938D22171F32EF0084E06A /* BYBRoboRoachSettingsViewController.h */,
				6F938D23171F32EF0084E06A /* BYBRoboRoachSettingsViewController.m */,
				6FFDD11A174EC03A001CDD9C /* BYBRoboRoach_iPhone.storyboard */,
				6FE0EBE5174F20840070794C /* en.lproj */,
				6F7A9F03171A1732004B1575 /* main.m */,
				6F938D331720D1950084E06A /* Resources */,
				6F7A9EFF171A1732004B1575 /* RoboRoach-Info.plist */,
				6F7A9F05171A1732004B1575 /* RoboRoach-Prefix.pch */,
			);
			path = RoboRoach;
			sourceTree = "<group>";
		};
		6F938D331720D1950084E06A /* Resources */ = {
			isa = PBXGroup;
			children = (
				240C44201B2B28E0009F456B /* splash480.png */,
				240C44211B2B28E0009F456B /* splash960.png */,
				240C44221B2B28E0009F456B /* splash1136.png */,
				240C44231B2B28E0009F456B /* splash1334.png */,
				240C44241B2B28E0009F456B /* splash2208.png */,
				240C440E1B2B1C0D009F456B /* icon40.png */,
				240C440F1B2B1C0D009F456B /* icon40@2x.png */,
				240C44101B2B1C0D009F456B /* icon57.png */,
				240C44111B2B1C0D009F456B /* icon57@2x.png */,
				240C44121B2B1C0D009F456B /* icon60.png */,
				240C44131B2B1C0D009F456B /* icon60@2x.png */,
				240C44141B2B1C0D009F456B /* icon60@3x.png */,
				240C44151B2B1C0D009F456B /* icons29.png */,
				240C44161B2B1C0D009F456B /* icons29@2x.png */,
				240C44081B2B1126009F456B /* connectedbybremote.png */,
				240C44091B2B1126009F456B /* notconnectedbybremote.png */,
				6F5FE05E18273FBC00FA8647 /* battery-0.png */,
				6F5FE05F18273FBC00FA8647 /* battery-25.png */,
				6F5FE06018273FBC00FA8647 /* battery-50.png */,
				6F5FE06118273FBC00FA8647 /* battery-80.png */,
				6F5FE06218273FBC00FA8647 /* battery-90.png */,
				6F5FE06318273FBC00FA8647 /* battery-95.png */,
				6FC6B0F218235AAF001E798D /* roachHD.png */,
				6FC6B0F01823471C001E798D /* LED-Left.png */,
				6FC6B0EC1823408F001E798D /* BackbackHD.png */,
				6F86CCB717EFC83600C5CC07 /* Default-568h@2x~iphone.png */,
				6F86CCB817EFC83600C5CC07 /* Default@2x~iphone.png */,
				6F86CCB917EFC83600C5CC07 /* Default~iphone.png */,
				6F089474174ED8E500AF3D7F /* Comic_Book.ttf */,
				6F6A1183174DA127004465B5 /* ChartBG.png */,
				6F6A1184174DA127004465B5 /* ChartBG@2x.png */,
			);
			path = Resources;
			sourceTree = "<group>";
		};
		6FE0EBE5174F20840070794C /* en.lproj */ = {
			isa = PBXGroup;
			children = (
			);
			path = en.lproj;
			sourceTree = "<group>";
		};
/* End PBXGroup section */

/* Begin PBXNativeTarget section */
		6F7A9EF3171A1732004B1575 /* BYB Remote */ = {
			isa = PBXNativeTarget;
			buildConfigurationList = 6F7A9F1A171A1732004B1575 /* Build configuration list for PBXNativeTarget "BYB Remote" */;
			buildPhases = (
				6F7A9EF0171A1732004B1575 /* Sources */,
				6F7A9EF1171A1732004B1575 /* Frameworks */,
				6F7A9EF2171A1732004B1575 /* Resources */,
			);
			buildRules = (
			);
			dependencies = (
			);
			name = "BYB Remote";
			productName = RoboRoach;
			productReference = 6F7A9EF4171A1732004B1575 /* BYB Remote.app */;
			productType = "com.apple.product-type.application";
		};
/* End PBXNativeTarget section */

/* Begin PBXProject section */
		6F7A9EEC171A1732004B1575 /* Project object */ = {
			isa = PBXProject;
			attributes = {
				CLASSPREFIX = BYB;
				LastUpgradeCheck = 0460;
				ORGANIZATIONNAME = "Backyard Brains";
				TargetAttributes = {
					6F7A9EF3171A1732004B1575 = {
						DevelopmentTeam = MLGRKD657P;
						ProvisioningStyle = Automatic;
					};
				};
			};
			buildConfigurationList = 6F7A9EEF171A1732004B1575 /* Build configuration list for PBXProject "RoboRoach" */;
			compatibilityVersion = "Xcode 3.2";
			developmentRegion = English;
			hasScannedForEncodings = 0;
			knownRegions = (
				en,
			);
			mainGroup = 6F7A9EEB171A1732004B1575;
			productRefGroup = 6F7A9EF5171A1732004B1575 /* Products */;
			projectDirPath = "";
			projectRoot = "";
			targets = (
				6F7A9EF3171A1732004B1575 /* BYB Remote */,
			);
		};
/* End PBXProject section */

/* Begin PBXResourcesBuildPhase section */
		6F7A9EF2171A1732004B1575 /* Resources */ = {
			isa = PBXResourcesBuildPhase;
			buildActionMask = 2147483647;
			files = (
				6F5FE06818273FBC00FA8647 /* battery-90.png in Resources */,
				6F089475174EDEA600AF3D7F /* Comic_Book.ttf in Resources */,
				240C440D1B2B1624009F456B /* Images.xcassets in Resources */,
				6F5FE06618273FBC00FA8647 /* battery-50.png in Resources */,
				240C44261B2B28E0009F456B /* splash960.png in Resources */,
				6F86CCBA17EFC83600C5CC07 /* Default-568h@2x~iphone.png in Resources */,
				240C441C1B2B1C0D009F456B /* icon60@2x.png in Resources */,
				240C440B1B2B1127009F456B /* notconnectedbybremote.png in Resources */,
				6F6A118A174DA127004465B5 /* ChartBG.png in Resources */,
				240C44271B2B28E0009F456B /* splash1136.png in Resources */,
				240C441D1B2B1C0D009F456B /* icon60@3x.png in Resources */,
				6F5FE06718273FBC00FA8647 /* battery-80.png in Resources */,
				6F6A118B174DA127004465B5 /* ChartBG@2x.png in Resources */,
				240C441A1B2B1C0D009F456B /* icon57@2x.png in Resources */,
				240C441E1B2B1C0D009F456B /* icons29.png in Resources */,
				6FFDD11B174EC03A001CDD9C /* BYBRoboRoach_iPhone.storyboard in Resources */,
				6F86CCBB17EFC83600C5CC07 /* Default@2x~iphone.png in Resources */,
				240C441B1B2B1C0D009F456B /* icon60.png in Resources */,
				6F5FE06918273FBC00FA8647 /* battery-95.png in Resources */,
				240C440A1B2B1127009F456B /* connectedbybremote.png in Resources */,
				240C441F1B2B1C0D009F456B /* icons29@2x.png in Resources */,
				6F86CCBC17EFC83600C5CC07 /* Default~iphone.png in Resources */,
				240C44191B2B1C0D009F456B /* icon57.png in Resources */,
				240C44281B2B28E0009F456B /* splash1334.png in Resources */,
				240C44171B2B1C0D009F456B /* icon40.png in Resources */,
				240C44251B2B28E0009F456B /* splash480.png in Resources */,
				240C44181B2B1C0D009F456B /* icon40@2x.png in Resources */,
				6FC6B0F318235AAF001E798D /* roachHD.png in Resources */,
				6F5FE06518273FBC00FA8647 /* battery-25.png in Resources */,
				6F5FE06418273FBC00FA8647 /* battery-0.png in Resources */,
				240C44291B2B28E0009F456B /* splash2208.png in Resources */,
				6FC6B0F11823471C001E798D /* LED-Left.png in Resources */,
				6FC6B0ED1823408F001E798D /* BackbackHD.png in Resources */,
			);
			runOnlyForDeploymentPostprocessing = 0;
		};
/* End PBXResourcesBuildPhase section */

/* Begin PBXSourcesBuildPhase section */
		6F7A9EF0171A1732004B1575 /* Sources */ = {
			isa = PBXSourcesBuildPhase;
			buildActionMask = 2147483647;
			files = (
				6F7A9F04171A1732004B1575 /* main.m in Sources */,
				6F7A9F08171A1732004B1575 /* BYBAppDelegate.m in Sources */,
				6F7A9F2C171A338C004B1575 /* BYBRoboRoachViewController.m in Sources */,
				6F7A9F31171A64C0004B1575 /* BYBRoboRoachManager.m in Sources */,
				6F938D24171F32EF0084E06A /* BYBRoboRoachSettingsViewController.m in Sources */,
				6F938D2D171F42A10084E06A /* BYBRoboRoach.m in Sources */,
			);
			runOnlyForDeploymentPostprocessing = 0;
		};
/* End PBXSourcesBuildPhase section */

/* Begin XCBuildConfiguration section */
		6F7A9F18171A1732004B1575 /* Debug */ = {
			isa = XCBuildConfiguration;
			buildSettings = {
				ALWAYS_SEARCH_USER_PATHS = NO;
				CLANG_CXX_LANGUAGE_STANDARD = "gnu++0x";
				CLANG_CXX_LIBRARY = "libc++";
				CLANG_ENABLE_OBJC_ARC = YES;
				CLANG_WARN_CONSTANT_CONVERSION = YES;
				CLANG_WARN_EMPTY_BODY = YES;
				CLANG_WARN_ENUM_CONVERSION = YES;
				CLANG_WARN_INT_CONVERSION = YES;
				CLANG_WARN__DUPLICATE_METHOD_MATCH = YES;
				"CODE_SIGN_IDENTITY[sdk=iphoneos*]" = "iPhone Developer";
				COPY_PHASE_STRIP = NO;
				GCC_C_LANGUAGE_STANDARD = gnu99;
				GCC_DYNAMIC_NO_PIC = NO;
				GCC_OPTIMIZATION_LEVEL = 0;
				GCC_PREPROCESSOR_DEFINITIONS = (
					"DEBUG=1",
					"$(inherited)",
				);
				GCC_SYMBOLS_PRIVATE_EXTERN = NO;
				GCC_WARN_ABOUT_RETURN_TYPE = YES;
				GCC_WARN_UNINITIALIZED_AUTOS = YES;
				GCC_WARN_UNUSED_VARIABLE = YES;
				IPHONEOS_DEPLOYMENT_TARGET = 6.1;
				ONLY_ACTIVE_ARCH = YES;
				SDKROOT = iphoneos;
				TARGETED_DEVICE_FAMILY = "1,2";
			};
			name = Debug;
		};
		6F7A9F19171A1732004B1575 /* Release */ = {
			isa = XCBuildConfiguration;
			buildSettings = {
				ALWAYS_SEARCH_USER_PATHS = NO;
				CLANG_CXX_LANGUAGE_STANDARD = "gnu++0x";
				CLANG_CXX_LIBRARY = "libc++";
				CLANG_ENABLE_OBJC_ARC = YES;
				CLANG_WARN_CONSTANT_CONVERSION = YES;
				CLANG_WARN_EMPTY_BODY = YES;
				CLANG_WARN_ENUM_CONVERSION = YES;
				CLANG_WARN_INT_CONVERSION = YES;
				CLANG_WARN__DUPLICATE_METHOD_MATCH = YES;
				"CODE_SIGN_IDENTITY[sdk=iphoneos*]" = "iPhone Developer: Greg Gage (J38LH5GF4H)";
				COPY_PHASE_STRIP = YES;
				GCC_C_LANGUAGE_STANDARD = gnu99;
				GCC_WARN_ABOUT_RETURN_TYPE = YES;
				GCC_WARN_UNINITIALIZED_AUTOS = YES;
				GCC_WARN_UNUSED_VARIABLE = YES;
				IPHONEOS_DEPLOYMENT_TARGET = 6.1;
				OTHER_CFLAGS = "-DNS_BLOCK_ASSERTIONS=1";
				"PROVISIONING_PROFILE[sdk=iphoneos*]" = "7CA3C4FB-D3A1-49F2-9BFD-CB65E77FCD89";
				SDKROOT = iphoneos;
				TARGETED_DEVICE_FAMILY = "1,2";
				VALIDATE_PRODUCT = YES;
			};
			name = Release;
		};
		6F7A9F1B171A1732004B1575 /* Debug */ = {
			isa = XCBuildConfiguration;
			buildSettings = {
				ASSETCATALOG_COMPILER_APPICON_NAME = AppIcon;
				ASSETCATALOG_COMPILER_LAUNCHIMAGE_NAME = LaunchImage;
				CODE_SIGN_IDENTITY = "iPhone Developer";
				"CODE_SIGN_IDENTITY[sdk=iphoneos*]" = "iPhone Developer";
				DEVELOPMENT_TEAM = MLGRKD657P;
				ENABLE_BITCODE = NO;
				FRAMEWORK_SEARCH_PATHS = (
					"$(inherited)",
					"$(SRCROOT)/Static\\\\\\ Frameworks\\\\",
					/Users/gagegreg/Dropbox/Backyard,
					Brains/Code/RoboRoach/Software/iOS/Static,
					Frameworks,
					"$(PROJECT_DIR)",
				);
				"FRAMEWORK_SEARCH_PATHS[arch=*]" = (
					"$(inherited)",
					"$(SRCROOT)/Static\\ Frameworks",
				);
				GCC_PRECOMPILE_PREFIX_HEADER = YES;
				GCC_PREFIX_HEADER = "RoboRoach/RoboRoach-Prefix.pch";
				INFOPLIST_FILE = "RoboRoach/RoboRoach-Info.plist";
				IPHONEOS_DEPLOYMENT_TARGET = 8.0;
				LIBRARY_SEARCH_PATHS = "";
				ONLY_ACTIVE_ARCH = YES;
				OTHER_LDFLAGS = "-ObjC";
				PRODUCT_NAME = "$(TARGET_NAME)";
				PROVISIONING_PROFILE = "";
				PROVISIONING_PROFILE_SPECIFIER = "";
				TARGETED_DEVICE_FAMILY = 1;
				VALID_ARCHS = "armv7 armv7s arm64";
				WRAPPER_EXTENSION = app;
			};
			name = Debug;
		};
		6F7A9F1C171A1732004B1575 /* Release */ = {
			isa = XCBuildConfiguration;
			buildSettings = {
				ASSETCATALOG_COMPILER_APPICON_NAME = AppIcon;
				ASSETCATALOG_COMPILER_LAUNCHIMAGE_NAME = LaunchImage;
				CODE_SIGN_IDENTITY = "iPhone Developer";
				"CODE_SIGN_IDENTITY[sdk=iphoneos*]" = "iPhone Developer";
				DEVELOPMENT_TEAM = MLGRKD657P;
				ENABLE_BITCODE = NO;
				FRAMEWORK_SEARCH_PATHS = (
					"$(inherited)",
					"$(SRCROOT)/Static\\\\\\ Frameworks",
					/Users/gagegreg/Dropbox/Backyard,
					Brains/Code/RoboRoach/Software/iOS/Static,
					Frameworks,
					"$(PROJECT_DIR)",
				);
				"FRAMEWORK_SEARCH_PATHS[arch=*]" = (
					"$(inherited)",
					"$(SRCROOT)/Static\\ Frameworks\\",
				);
				GCC_PRECOMPILE_PREFIX_HEADER = YES;
				GCC_PREFIX_HEADER = "RoboRoach/RoboRoach-Prefix.pch";
				INFOPLIST_FILE = "RoboRoach/RoboRoach-Info.plist";
				IPHONEOS_DEPLOYMENT_TARGET = 8.0;
				LIBRARY_SEARCH_PATHS = "";
				OTHER_LDFLAGS = "-ObjC";
				PRODUCT_NAME = "$(TARGET_NAME)";
				PROVISIONING_PROFILE = "";
				"PROVISIONING_PROFILE[sdk=iphoneos*]" = "22e5f549-6433-4257-bd8d-1a6376aa1261";
				PROVISIONING_PROFILE_SPECIFIER = "";
				TARGETED_DEVICE_FAMILY = 1;
				VALID_ARCHS = "armv7 armv7s arm64";
				WRAPPER_EXTENSION = app;
			};
			name = Release;
		};
/* End XCBuildConfiguration section */

/* Begin XCConfigurationList section */
		6F7A9EEF171A1732004B1575 /* Build configuration list for PBXProject "RoboRoach" */ = {
			isa = XCConfigurationList;
			buildConfigurations = (
				6F7A9F18171A1732004B1575 /* Debug */,
				6F7A9F19171A1732004B1575 /* Release */,
			);
			defaultConfigurationIsVisible = 0;
			defaultConfigurationName = Release;
		};
		6F7A9F1A171A1732004B1575 /* Build configuration list for PBXNativeTarget "BYB Remote" */ = {
			isa = XCConfigurationList;
			buildConfigurations = (
				6F7A9F1B171A1732004B1575 /* Debug */,
				6F7A9F1C171A1732004B1575 /* Release */,
			);
			defaultConfigurationIsVisible = 0;
			defaultConfigurationName = Release;
		};
/* End XCConfigurationList section */
	};
	rootObject = 6F7A9EEC171A1732004B1575 /* Project object */;
}
