// !$*UTF8*$!
{
	archiveVersion = 1;
	classes = {
	};
	objectVersion = 46;
	objects = {

/* Begin PBXBuildFile section */
		6F089475174EDEA600AF3D7F /* Comic_Book.ttf in Resources */ = {isa = PBXBuildFile; fileRef = 6F089474174ED8E500AF3D7F /* Comic_Book.ttf */; };
		6F280B08173307DA00BDBDF8 /* libz.dylib in Frameworks */ = {isa = PBXBuildFile; fileRef = 6F280B07173307DA00BDBDF8 /* libz.dylib */; };
		6F5BCAD918255B5400B77AFE /* libTestFlight.a in Frameworks */ = {isa = PBXBuildFile; fileRef = 6F5BCAD618255B5400B77AFE /* libTestFlight.a */; };
		6F5FE05D1826B96800FA8647 /* SensibleTableView.framework in Frameworks */ = {isa = PBXBuildFile; fileRef = 6F5FE05C1826B96800FA8647 /* SensibleTableView.framework */; };
		6F5FE06418273FBC00FA8647 /* battery-0.png in Resources */ = {isa = PBXBuildFile; fileRef = 6F5FE05E18273FBC00FA8647 /* battery-0.png */; };
		6F5FE06518273FBC00FA8647 /* battery-25.png in Resources */ = {isa = PBXBuildFile; fileRef = 6F5FE05F18273FBC00FA8647 /* battery-25.png */; };
		6F5FE06618273FBC00FA8647 /* battery-50.png in Resources */ = {isa = PBXBuildFile; fileRef = 6F5FE06018273FBC00FA8647 /* battery-50.png */; };
		6F5FE06718273FBC00FA8647 /* battery-80.png in Resources */ = {isa = PBXBuildFile; fileRef = 6F5FE06118273FBC00FA8647 /* battery-80.png */; };
		6F5FE06818273FBC00FA8647 /* battery-90.png in Resources */ = {isa = PBXBuildFile; fileRef = 6F5FE06218273FBC00FA8647 /* battery-90.png */; };
		6F5FE06918273FBC00FA8647 /* battery-95.png in Resources */ = {isa = PBXBuildFile; fileRef = 6F5FE06318273FBC00FA8647 /* battery-95.png */; };
		6F6A118A174DA127004465B5 /* ChartBG.png in Resources */ = {isa = PBXBuildFile; fileRef = 6F6A1183174DA127004465B5 /* ChartBG.png */; };
		6F6A118B174DA127004465B5 /* ChartBG@2x.png in Resources */ = {isa = PBXBuildFile; fileRef = 6F6A1184174DA127004465B5 /* ChartBG@2x.png */; };
		6F7A9EFA171A1732004B1575 /* Foundation.framework in Frameworks */ = {isa = PBXBuildFile; fileRef = 6F7A9EF9171A1732004B1575 /* Foundation.framework */; };
		6F7A9EFC171A1732004B1575 /* CoreGraphics.framework in Frameworks */ = {isa = PBXBuildFile; fileRef = 6F7A9EFB171A1732004B1575 /* CoreGraphics.framework */; };
		6F7A9F04171A1732004B1575 /* main.m in Sources */ = {isa = PBXBuildFile; fileRef = 6F7A9F03171A1732004B1575 /* main.m */; };
		6F7A9F08171A1732004B1575 /* BYBAppDelegate.m in Sources */ = {isa = PBXBuildFile; fileRef = 6F7A9F07171A1732004B1575 /* BYBAppDelegate.m */; };
		6F7A9F2C171A338C004B1575 /* BYBRoboRoachViewController.m in Sources */ = {isa = PBXBuildFile; fileRef = 6F7A9F2B171A338C004B1575 /* BYBRoboRoachViewController.m */; };
		6F7A9F2E171A5CD3004B1575 /* CoreBluetooth.framework in Frameworks */ = {isa = PBXBuildFile; fileRef = 6F7A9F2D171A5CD3004B1575 /* CoreBluetooth.framework */; };
		6F7A9F31171A64C0004B1575 /* BYBRoboRoachManager.m in Sources */ = {isa = PBXBuildFile; fileRef = 6F7A9F30171A64C0004B1575 /* BYBRoboRoachManager.m */; };
		6F86CCBA17EFC83600C5CC07 /* Default-568h@2x~iphone.png in Resources */ = {isa = PBXBuildFile; fileRef = 6F86CCB717EFC83600C5CC07 /* Default-568h@2x~iphone.png */; };
		6F86CCBB17EFC83600C5CC07 /* Default@2x~iphone.png in Resources */ = {isa = PBXBuildFile; fileRef = 6F86CCB817EFC83600C5CC07 /* Default@2x~iphone.png */; };
		6F86CCBC17EFC83600C5CC07 /* Default~iphone.png in Resources */ = {isa = PBXBuildFile; fileRef = 6F86CCB917EFC83600C5CC07 /* Default~iphone.png */; };
		6F938D24171F32EF0084E06A /* BYBRoboRoachSettingsViewController.m in Sources */ = {isa = PBXBuildFile; fileRef = 6F938D23171F32EF0084E06A /* BYBRoboRoachSettingsViewController.m */; };
		6F938D2D171F42A10084E06A /* BYBRoboRoach.m in Sources */ = {isa = PBXBuildFile; fileRef = 6F938D2C171F42A10084E06A /* BYBRoboRoach.m */; };
		6FBAF568172442CF00C8E3D1 /* UIKit.framework in Frameworks */ = {isa = PBXBuildFile; fileRef = 6FBAF5661724428F00C8E3D1 /* UIKit.framework */; };
		6FC6B0ED1823408F001E798D /* BackbackHD.png in Resources */ = {isa = PBXBuildFile; fileRef = 6FC6B0EC1823408F001E798D /* BackbackHD.png */; };
		6FC6B0F11823471C001E798D /* LED-Left.png in Resources */ = {isa = PBXBuildFile; fileRef = 6FC6B0F01823471C001E798D /* LED-Left.png */; };
		6FC6B0F318235AAF001E798D /* roachHD.png in Resources */ = {isa = PBXBuildFile; fileRef = 6FC6B0F218235AAF001E798D /* roachHD.png */; };
		6FCADC1E1825DD7000C654B6 /* Icon.png in Resources */ = {isa = PBXBuildFile; fileRef = 6FCADC1C1825DD7000C654B6 /* Icon.png */; };
		6FCADC1F1825DD7000C654B6 /* Icon@2x.png in Resources */ = {isa = PBXBuildFile; fileRef = 6FCADC1D1825DD7000C654B6 /* Icon@2x.png */; };
		6FCADC391825DF2000C654B6 /* AppIcon29x29.png in Resources */ = {isa = PBXBuildFile; fileRef = 6FCADC341825DF2000C654B6 /* AppIcon29x29.png */; };
		6FCADC3A1825DF2000C654B6 /* AppIcon29x29@2x.png in Resources */ = {isa = PBXBuildFile; fileRef = 6FCADC351825DF2000C654B6 /* AppIcon29x29@2x.png */; };
		6FCADC3B1825DF2000C654B6 /* AppIcon40x40.png in Resources */ = {isa = PBXBuildFile; fileRef = 6FCADC361825DF2000C654B6 /* AppIcon40x40.png */; };
		6FCADC3C1825DF2000C654B6 /* AppIcon40x40@2x.png in Resources */ = {isa = PBXBuildFile; fileRef = 6FCADC371825DF2000C654B6 /* AppIcon40x40@2x.png */; };
		6FCADC3D1825DF2000C654B6 /* AppIcon60x60@2x.png in Resources */ = {isa = PBXBuildFile; fileRef = 6FCADC381825DF2000C654B6 /* AppIcon60x60@2x.png */; };
		6FFDD11B174EC03A001CDD9C /* BYBRoboRoach_iPhone.storyboard in Resources */ = {isa = PBXBuildFile; fileRef = 6FFDD11A174EC03A001CDD9C /* BYBRoboRoach_iPhone.storyboard */; };
/* End PBXBuildFile section */

/* Begin PBXFileReference section */
		6F089474174ED8E500AF3D7F /* Comic_Book.ttf */ = {isa = PBXFileReference; lastKnownFileType = file; path = Comic_Book.ttf; sourceTree = "<group>"; };
		6F280B07173307DA00BDBDF8 /* libz.dylib */ = {isa = PBXFileReference; lastKnownFileType = "compiled.mach-o.dylib"; name = libz.dylib; path = usr/lib/libz.dylib; sourceTree = SDKROOT; };
		6F5BCAD618255B5400B77AFE /* libTestFlight.a */ = {isa = PBXFileReference; lastKnownFileType = archive.ar; path = libTestFlight.a; sourceTree = "<group>"; };
		6F5BCAD718255B5400B77AFE /* TestFlight.h */ = {isa = PBXFileReference; fileEncoding = 4; lastKnownFileType = sourcecode.c.h; path = TestFlight.h; sourceTree = "<group>"; };
		6F5FE05C1826B96800FA8647 /* SensibleTableView.framework */ = {isa = PBXFileReference; lastKnownFileType = wrapper.framework; name = SensibleTableView.framework; path = "Static Frameworks/SensibleTableView.framework"; sourceTree = "<group>"; };
		6F5FE05E18273FBC00FA8647 /* battery-0.png */ = {isa = PBXFileReference; lastKnownFileType = image.png; path = "battery-0.png"; sourceTree = "<group>"; };
		6F5FE05F18273FBC00FA8647 /* battery-25.png */ = {isa = PBXFileReference; lastKnownFileType = image.png; path = "battery-25.png"; sourceTree = "<group>"; };
		6F5FE06018273FBC00FA8647 /* battery-50.png */ = {isa = PBXFileReference; lastKnownFileType = image.png; path = "battery-50.png"; sourceTree = "<group>"; };
		6F5FE06118273FBC00FA8647 /* battery-80.png */ = {isa = PBXFileReference; lastKnownFileType = image.png; path = "battery-80.png"; sourceTree = "<group>"; };
		6F5FE06218273FBC00FA8647 /* battery-90.png */ = {isa = PBXFileReference; lastKnownFileType = image.png; path = "battery-90.png"; sourceTree = "<group>"; };
		6F5FE06318273FBC00FA8647 /* battery-95.png */ = {isa = PBXFileReference; lastKnownFileType = image.png; path = "battery-95.png"; sourceTree = "<group>"; };
		6F6A1183174DA127004465B5 /* ChartBG.png */ = {isa = PBXFileReference; lastKnownFileType = image.png; path = ChartBG.png; sourceTree = "<group>"; };
		6F6A1184174DA127004465B5 /* ChartBG@2x.png */ = {isa = PBXFileReference; lastKnownFileType = image.png; path = "ChartBG@2x.png"; sourceTree = "<group>"; };
		6F7A9EF4171A1732004B1575 /* RoboRoach.app */ = {isa = PBXFileReference; explicitFileType = wrapper.application; includeInIndex = 0; path = RoboRoach.app; sourceTree = BUILT_PRODUCTS_DIR; };
		6F7A9EF9171A1732004B1575 /* Foundation.framework */ = {isa = PBXFileReference; lastKnownFileType = wrapper.framework; name = Foundation.framework; path = System/Library/Frameworks/Foundation.framework; sourceTree = SDKROOT; };
		6F7A9EFB171A1732004B1575 /* CoreGraphics.framework */ = {isa = PBXFileReference; lastKnownFileType = wrapper.framework; name = CoreGraphics.framework; path = System/Library/Frameworks/CoreGraphics.framework; sourceTree = SDKROOT; };
		6F7A9EFF171A1732004B1575 /* RoboRoach-Info.plist */ = {isa = PBXFileReference; lastKnownFileType = text.plist.xml; path = "RoboRoach-Info.plist"; sourceTree = "<group>"; };
		6F7A9F03171A1732004B1575 /* main.m */ = {isa = PBXFileReference; lastKnownFileType = sourcecode.c.objc; path = main.m; sourceTree = "<group>"; };
		6F7A9F05171A1732004B1575 /* RoboRoach-Prefix.pch */ = {isa = PBXFileReference; lastKnownFileType = sourcecode.c.h; path = "RoboRoach-Prefix.pch"; sourceTree = "<group>"; };
		6F7A9F06171A1732004B1575 /* BYBAppDelegate.h */ = {isa = PBXFileReference; lastKnownFileType = sourcecode.c.h; path = BYBAppDelegate.h; sourceTree = "<group>"; };
		6F7A9F07171A1732004B1575 /* BYBAppDelegate.m */ = {isa = PBXFileReference; lastKnownFileType = sourcecode.c.objc; path = BYBAppDelegate.m; sourceTree = "<group>"; };
		6F7A9F2A171A338C004B1575 /* BYBRoboRoachViewController.h */ = {isa = PBXFileReference; fileEncoding = 4; lastKnownFileType = sourcecode.c.h; path = BYBRoboRoachViewController.h; sourceTree = "<group>"; };
		6F7A9F2B171A338C004B1575 /* BYBRoboRoachViewController.m */ = {isa = PBXFileReference; fileEncoding = 4; lastKnownFileType = sourcecode.c.objc; path = BYBRoboRoachViewController.m; sourceTree = "<group>"; };
		6F7A9F2D171A5CD3004B1575 /* CoreBluetooth.framework */ = {isa = PBXFileReference; lastKnownFileType = wrapper.framework; name = CoreBluetooth.framework; path = System/Library/Frameworks/CoreBluetooth.framework; sourceTree = SDKROOT; };
		6F7A9F2F171A64C0004B1575 /* BYBRoboRoachManager.h */ = {isa = PBXFileReference; fileEncoding = 4; lastKnownFileType = sourcecode.c.h; path = BYBRoboRoachManager.h; sourceTree = "<group>"; };
		6F7A9F30171A64C0004B1575 /* BYBRoboRoachManager.m */ = {isa = PBXFileReference; fileEncoding = 4; lastKnownFileType = sourcecode.c.objc; path = BYBRoboRoachManager.m; sourceTree = "<group>"; };
		6F86CCB717EFC83600C5CC07 /* Default-568h@2x~iphone.png */ = {isa = PBXFileReference; lastKnownFileType = image.png; path = "Default-568h@2x~iphone.png"; sourceTree = "<group>"; };
		6F86CCB817EFC83600C5CC07 /* Default@2x~iphone.png */ = {isa = PBXFileReference; lastKnownFileType = image.png; path = "Default@2x~iphone.png"; sourceTree = "<group>"; };
		6F86CCB917EFC83600C5CC07 /* Default~iphone.png */ = {isa = PBXFileReference; lastKnownFileType = image.png; path = "Default~iphone.png"; sourceTree = "<group>"; };
		6F938D22171F32EF0084E06A /* BYBRoboRoachSettingsViewController.h */ = {isa = PBXFileReference; fileEncoding = 4; lastKnownFileType = sourcecode.c.h; path = BYBRoboRoachSettingsViewController.h; sourceTree = "<group>"; };
		6F938D23171F32EF0084E06A /* BYBRoboRoachSettingsViewController.m */ = {isa = PBXFileReference; fileEncoding = 4; lastKnownFileType = sourcecode.c.objc; path = BYBRoboRoachSettingsViewController.m; sourceTree = "<group>"; };
		6F938D2B171F42A10084E06A /* BYBRoboRoach.h */ = {isa = PBXFileReference; fileEncoding = 4; lastKnownFileType = sourcecode.c.h; path = BYBRoboRoach.h; sourceTree = "<group>"; };
		6F938D2C171F42A10084E06A /* BYBRoboRoach.m */ = {isa = PBXFileReference; fileEncoding = 4; lastKnownFileType = sourcecode.c.objc; path = BYBRoboRoach.m; sourceTree = "<group>"; };
		6FBAF5661724428F00C8E3D1 /* UIKit.framework */ = {isa = PBXFileReference; lastKnownFileType = wrapper.framework; name = UIKit.framework; path = System/Library/Frameworks/UIKit.framework; sourceTree = SDKROOT; };
		6FC6B0EC1823408F001E798D /* BackbackHD.png */ = {isa = PBXFileReference; lastKnownFileType = image.png; path = BackbackHD.png; sourceTree = "<group>"; };
		6FC6B0F01823471C001E798D /* LED-Left.png */ = {isa = PBXFileReference; lastKnownFileType = image.png; path = "LED-Left.png"; sourceTree = "<group>"; };
		6FC6B0F218235AAF001E798D /* roachHD.png */ = {isa = PBXFileReference; lastKnownFileType = image.png; path = roachHD.png; sourceTree = "<group>"; };
		6FCADC1C1825DD7000C654B6 /* Icon.png */ = {isa = PBXFileReference; lastKnownFileType = image.png; path = Icon.png; sourceTree = "<group>"; };
		6FCADC1D1825DD7000C654B6 /* Icon@2x.png */ = {isa = PBXFileReference; lastKnownFileType = image.png; path = "Icon@2x.png"; sourceTree = "<group>"; };
		6FCADC341825DF2000C654B6 /* AppIcon29x29.png */ = {isa = PBXFileReference; lastKnownFileType = image.png; path = AppIcon29x29.png; sourceTree = "<group>"; };
		6FCADC351825DF2000C654B6 /* AppIcon29x29@2x.png */ = {isa = PBXFileReference; lastKnownFileType = image.png; path = "AppIcon29x29@2x.png"; sourceTree = "<group>"; };
		6FCADC361825DF2000C654B6 /* AppIcon40x40.png */ = {isa = PBXFileReference; lastKnownFileType = image.png; path = AppIcon40x40.png; sourceTree = "<group>"; };
		6FCADC371825DF2000C654B6 /* AppIcon40x40@2x.png */ = {isa = PBXFileReference; lastKnownFileType = image.png; path = "AppIcon40x40@2x.png"; sourceTree = "<group>"; };
		6FCADC381825DF2000C654B6 /* AppIcon60x60@2x.png */ = {isa = PBXFileReference; lastKnownFileType = image.png; path = "AppIcon60x60@2x.png"; sourceTree = "<group>"; };
		6FFDD11A174EC03A001CDD9C /* BYBRoboRoach_iPhone.storyboard */ = {isa = PBXFileReference; fileEncoding = 4; lastKnownFileType = file.storyboard; path = BYBRoboRoach_iPhone.storyboard; sourceTree = "<group>"; };
/* End PBXFileReference section */

/* Begin PBXFrameworksBuildPhase section */
		6F7A9EF1171A1732004B1575 /* Frameworks */ = {
			isa = PBXFrameworksBuildPhase;
			buildActionMask = 2147483647;
			files = (
				6F280B08173307DA00BDBDF8 /* libz.dylib in Frameworks */,
				6F5FE05D1826B96800FA8647 /* SensibleTableView.framework in Frameworks */,
				6F5BCAD918255B5400B77AFE /* libTestFlight.a in Frameworks */,
				6F7A9F2E171A5CD3004B1575 /* CoreBluetooth.framework in Frameworks */,
				6F7A9EFA171A1732004B1575 /* Foundation.framework in Frameworks */,
				6FBAF568172442CF00C8E3D1 /* UIKit.framework in Frameworks */,
				6F7A9EFC171A1732004B1575 /* CoreGraphics.framework in Frameworks */,
			);
			runOnlyForDeploymentPostprocessing = 0;
		};
/* End PBXFrameworksBuildPhase section */

/* Begin PBXGroup section */
		6F5BCAD518255B5400B77AFE /* TestFlight */ = {
			isa = PBXGroup;
			children = (
				6F5BCAD618255B5400B77AFE /* libTestFlight.a */,
				6F5BCAD718255B5400B77AFE /* TestFlight.h */,
			);
			name = TestFlight;
			path = "Static Frameworks/TestFlight";
			sourceTree = "<group>";
		};
		6F7A9EEB171A1732004B1575 = {
			isa = PBXGroup;
			children = (
				6F7A9EFD171A1732004B1575 /* RoboRoach */,
				6F7A9EF6171A1732004B1575 /* Frameworks */,
				6F7A9EF5171A1732004B1575 /* Products */,
			);
			sourceTree = "<group>";
		};
		6F7A9EF5171A1732004B1575 /* Products */ = {
			isa = PBXGroup;
			children = (
				6F7A9EF4171A1732004B1575 /* RoboRoach.app */,
			);
			name = Products;
			sourceTree = "<group>";
		};
		6F7A9EF6171A1732004B1575 /* Frameworks */ = {
			isa = PBXGroup;
			children = (
				6F5FE05C1826B96800FA8647 /* SensibleTableView.framework */,
				6F5BCAD518255B5400B77AFE /* TestFlight */,
				6F280B07173307DA00BDBDF8 /* libz.dylib */,
				6FBAF5661724428F00C8E3D1 /* UIKit.framework */,
				6F7A9F2D171A5CD3004B1575 /* CoreBluetooth.framework */,
				6F7A9EF9171A1732004B1575 /* Foundation.framework */,
				6F7A9EFB171A1732004B1575 /* CoreGraphics.framework */,
			);
			name = Frameworks;
			sourceTree = "<group>";
		};
		6F7A9EFD171A1732004B1575 /* RoboRoach */ = {
			isa = PBXGroup;
			children = (
				6F7A9F06171A1732004B1575 /* BYBAppDelegate.h */,
				6F7A9F07171A1732004B1575 /* BYBAppDelegate.m */,
				6F7A9F2F171A64C0004B1575 /* BYBRoboRoachManager.h */,
				6F7A9F30171A64C0004B1575 /* BYBRoboRoachManager.m */,
				6F938D2B171F42A10084E06A /* BYBRoboRoach.h */,
				6F938D2C171F42A10084E06A /* BYBRoboRoach.m */,
				6F7A9F2A171A338C004B1575 /* BYBRoboRoachViewController.h */,
				6F7A9F2B171A338C004B1575 /* BYBRoboRoachViewController.m */,
				6F938D22171F32EF0084E06A /* BYBRoboRoachSettingsViewController.h */,
				6F938D23171F32EF0084E06A /* BYBRoboRoachSettingsViewController.m */,
				6FFDD11A174EC03A001CDD9C /* BYBRoboRoach_iPhone.storyboard */,
				6FE0EBE5174F20840070794C /* en.lproj */,
				6F7A9F03171A1732004B1575 /* main.m */,
				6F938D331720D1950084E06A /* Resources */,
				6F7A9EFF171A1732004B1575 /* RoboRoach-Info.plist */,
				6F7A9F05171A1732004B1575 /* RoboRoach-Prefix.pch */,
			);
			path = RoboRoach;
			sourceTree = "<group>";
		};
		6F938D331720D1950084E06A /* Resources */ = {
			isa = PBXGroup;
			children = (
				6F5FE05E18273FBC00FA8647 /* battery-0.png */,
				6F5FE05F18273FBC00FA8647 /* battery-25.png */,
				6F5FE06018273FBC00FA8647 /* battery-50.png */,
				6F5FE06118273FBC00FA8647 /* battery-80.png */,
				6F5FE06218273FBC00FA8647 /* battery-90.png */,
				6F5FE06318273FBC00FA8647 /* battery-95.png */,
				6FCADC341825DF2000C654B6 /* AppIcon29x29.png */,
				6FCADC351825DF2000C654B6 /* AppIcon29x29@2x.png */,
				6FCADC361825DF2000C654B6 /* AppIcon40x40.png */,
				6FCADC371825DF2000C654B6 /* AppIcon40x40@2x.png */,
				6FCADC381825DF2000C654B6 /* AppIcon60x60@2x.png */,
				6FCADC1C1825DD7000C654B6 /* Icon.png */,
				6FCADC1D1825DD7000C654B6 /* Icon@2x.png */,
				6FC6B0F218235AAF001E798D /* roachHD.png */,
				6FC6B0F01823471C001E798D /* LED-Left.png */,
				6FC6B0EC1823408F001E798D /* BackbackHD.png */,
				6F86CCB717EFC83600C5CC07 /* Default-568h@2x~iphone.png */,
				6F86CCB817EFC83600C5CC07 /* Default@2x~iphone.png */,
				6F86CCB917EFC83600C5CC07 /* Default~iphone.png */,
				6F089474174ED8E500AF3D7F /* Comic_Book.ttf */,
				6F6A1183174DA127004465B5 /* ChartBG.png */,
				6F6A1184174DA127004465B5 /* ChartBG@2x.png */,
			);
			path = Resources;
			sourceTree = "<group>";
		};
		6FE0EBE5174F20840070794C /* en.lproj */ = {
			isa = PBXGroup;
			children = (
			);
			path = en.lproj;
			sourceTree = "<group>";
		};
/* End PBXGroup section */

/* Begin PBXNativeTarget section */
		6F7A9EF3171A1732004B1575 /* RoboRoach */ = {
			isa = PBXNativeTarget;
			buildConfigurationList = 6F7A9F1A171A1732004B1575 /* Build configuration list for PBXNativeTarget "RoboRoach" */;
			buildPhases = (
				6F7A9EF0171A1732004B1575 /* Sources */,
				6F7A9EF1171A1732004B1575 /* Frameworks */,
				6F7A9EF2171A1732004B1575 /* Resources */,
			);
			buildRules = (
			);
			dependencies = (
			);
			name = RoboRoach;
			productName = RoboRoach;
			productReference = 6F7A9EF4171A1732004B1575 /* RoboRoach.app */;
			productType = "com.apple.product-type.application";
		};
/* End PBXNativeTarget section */

/* Begin PBXProject section */
		6F7A9EEC171A1732004B1575 /* Project object */ = {
			isa = PBXProject;
			attributes = {
				CLASSPREFIX = BYB;
				LastUpgradeCheck = 0460;
				ORGANIZATIONNAME = "Backyard Brains";
				TargetAttributes = {
					6F7A9EF3171A1732004B1575 = {
						DevelopmentTeam = MLGRKD657P;
					};
				};
			};
			buildConfigurationList = 6F7A9EEF171A1732004B1575 /* Build configuration list for PBXProject "RoboRoach" */;
			compatibilityVersion = "Xcode 3.2";
			developmentRegion = English;
			hasScannedForEncodings = 0;
			knownRegions = (
				en,
			);
			mainGroup = 6F7A9EEB171A1732004B1575;
			productRefGroup = 6F7A9EF5171A1732004B1575 /* Products */;
			projectDirPath = "";
			projectRoot = "";
			targets = (
				6F7A9EF3171A1732004B1575 /* RoboRoach */,
			);
		};
/* End PBXProject section */

/* Begin PBXResourcesBuildPhase section */
		6F7A9EF2171A1732004B1575 /* Resources */ = {
			isa = PBXResourcesBuildPhase;
			buildActionMask = 2147483647;
			files = (
				6F5FE06818273FBC00FA8647 /* battery-90.png in Resources */,
				6F089475174EDEA600AF3D7F /* Comic_Book.ttf in Resources */,
				6FCADC1F1825DD7000C654B6 /* Icon@2x.png in Resources */,
				6F5FE06618273FBC00FA8647 /* battery-50.png in Resources */,
				6FCADC3D1825DF2000C654B6 /* AppIcon60x60@2x.png in Resources */,
				6F86CCBA17EFC83600C5CC07 /* Default-568h@2x~iphone.png in Resources */,
				6F6A118A174DA127004465B5 /* ChartBG.png in Resources */,
				6F5FE06718273FBC00FA8647 /* battery-80.png in Resources */,
				6F6A118B174DA127004465B5 /* ChartBG@2x.png in Resources */,
				6FFDD11B174EC03A001CDD9C /* BYBRoboRoach_iPhone.storyboard in Resources */,
				6F86CCBB17EFC83600C5CC07 /* Default@2x~iphone.png in Resources */,
				6FCADC3B1825DF2000C654B6 /* AppIcon40x40.png in Resources */,
				6F5FE06918273FBC00FA8647 /* battery-95.png in Resources */,
				6F86CCBC17EFC83600C5CC07 /* Default~iphone.png in Resources */,
				6FC6B0F318235AAF001E798D /* roachHD.png in Resources */,
				6FCADC3C1825DF2000C654B6 /* AppIcon40x40@2x.png in Resources */,
				6FCADC1E1825DD7000C654B6 /* Icon.png in Resources */,
				6F5FE06518273FBC00FA8647 /* battery-25.png in Resources */,
				6FCADC3A1825DF2000C654B6 /* AppIcon29x29@2x.png in Resources */,
				6F5FE06418273FBC00FA8647 /* battery-0.png in Resources */,
				6FC6B0F11823471C001E798D /* LED-Left.png in Resources */,
				6FCADC391825DF2000C654B6 /* AppIcon29x29.png in Resources */,
				6FC6B0ED1823408F001E798D /* BackbackHD.png in Resources */,
			);
			runOnlyForDeploymentPostprocessing = 0;
		};
/* End PBXResourcesBuildPhase section */

/* Begin PBXSourcesBuildPhase section */
		6F7A9EF0171A1732004B1575 /* Sources */ = {
			isa = PBXSourcesBuildPhase;
			buildActionMask = 2147483647;
			files = (
				6F7A9F04171A1732004B1575 /* main.m in Sources */,
				6F7A9F08171A1732004B1575 /* BYBAppDelegate.m in Sources */,
				6F7A9F2C171A338C004B1575 /* BYBRoboRoachViewController.m in Sources */,
				6F7A9F31171A64C0004B1575 /* BYBRoboRoachManager.m in Sources */,
				6F938D24171F32EF0084E06A /* BYBRoboRoachSettingsViewController.m in Sources */,
				6F938D2D171F42A10084E06A /* BYBRoboRoach.m in Sources */,
			);
			runOnlyForDeploymentPostprocessing = 0;
		};
/* End PBXSourcesBuildPhase section */

/* Begin XCBuildConfiguration section */
		6F7A9F18171A1732004B1575 /* Debug */ = {
			isa = XCBuildConfiguration;
			buildSettings = {
				ALWAYS_SEARCH_USER_PATHS = NO;
				CLANG_CXX_LANGUAGE_STANDARD = "gnu++0x";
				CLANG_CXX_LIBRARY = "libc++";
				CLANG_ENABLE_OBJC_ARC = YES;
				CLANG_WARN_CONSTANT_CONVERSION = YES;
				CLANG_WARN_EMPTY_BODY = YES;
				CLANG_WARN_ENUM_CONVERSION = YES;
				CLANG_WARN_INT_CONVERSION = YES;
				CLANG_WARN__DUPLICATE_METHOD_MATCH = YES;
				"CODE_SIGN_IDENTITY[sdk=iphoneos*]" = "iPhone Developer";
				COPY_PHASE_STRIP = NO;
				GCC_C_LANGUAGE_STANDARD = gnu99;
				GCC_DYNAMIC_NO_PIC = NO;
				GCC_OPTIMIZATION_LEVEL = 0;
				GCC_PREPROCESSOR_DEFINITIONS = (
					"DEBUG=1",
					"$(inherited)",
				);
				GCC_SYMBOLS_PRIVATE_EXTERN = NO;
				GCC_WARN_ABOUT_RETURN_TYPE = YES;
				GCC_WARN_UNINITIALIZED_AUTOS = YES;
				GCC_WARN_UNUSED_VARIABLE = YES;
				IPHONEOS_DEPLOYMENT_TARGET = 6.1;
				ONLY_ACTIVE_ARCH = YES;
				SDKROOT = iphoneos;
				TARGETED_DEVICE_FAMILY = "1,2";
			};
			name = Debug;
		};
		6F7A9F19171A1732004B1575 /* Release */ = {
			isa = XCBuildConfiguration;
			buildSettings = {
				ALWAYS_SEARCH_USER_PATHS = NO;
				CLANG_CXX_LANGUAGE_STANDARD = "gnu++0x";
				CLANG_CXX_LIBRARY = "libc++";
				CLANG_ENABLE_OBJC_ARC = YES;
				CLANG_WARN_CONSTANT_CONVERSION = YES;
				CLANG_WARN_EMPTY_BODY = YES;
				CLANG_WARN_ENUM_CONVERSION = YES;
				CLANG_WARN_INT_CONVERSION = YES;
				CLANG_WARN__DUPLICATE_METHOD_MATCH = YES;
				"CODE_SIGN_IDENTITY[sdk=iphoneos*]" = "iPhone Developer: Greg Gage (J38LH5GF4H)";
				COPY_PHASE_STRIP = YES;
				GCC_C_LANGUAGE_STANDARD = gnu99;
				GCC_WARN_ABOUT_RETURN_TYPE = YES;
				GCC_WARN_UNINITIALIZED_AUTOS = YES;
				GCC_WARN_UNUSED_VARIABLE = YES;
				IPHONEOS_DEPLOYMENT_TARGET = 6.1;
				OTHER_CFLAGS = "-DNS_BLOCK_ASSERTIONS=1";
				"PROVISIONING_PROFILE[sdk=iphoneos*]" = "7CA3C4FB-D3A1-49F2-9BFD-CB65E77FCD89";
				SDKROOT = iphoneos;
				TARGETED_DEVICE_FAMILY = "1,2";
				VALIDATE_PRODUCT = YES;
			};
			name = Release;
		};
		6F7A9F1B171A1732004B1575 /* Debug */ = {
			isa = XCBuildConfiguration;
			buildSettings = {
				CODE_SIGN_IDENTITY = "iPhone Developer";
				"CODE_SIGN_IDENTITY[sdk=iphoneos*]" = "iPhone Developer";
				FRAMEWORK_SEARCH_PATHS = (
					"$(inherited)",
					"$(SRCROOT)/Static\\\\\\ Frameworks\\\\",
					"/Users/gagegreg/Dropbox/Backyard\\ Brains/Code/RoboRoach/Software/iOS/Static\\ Frameworks",
				);
				"FRAMEWORK_SEARCH_PATHS[arch=*]" = (
					"$(inherited)",
					"$(SRCROOT)/Static\\ Frameworks",
				);
				GCC_PRECOMPILE_PREFIX_HEADER = YES;
				GCC_PREFIX_HEADER = "RoboRoach/RoboRoach-Prefix.pch";
				INFOPLIST_FILE = "RoboRoach/RoboRoach-Info.plist";
				IPHONEOS_DEPLOYMENT_TARGET = 6.0;
				LIBRARY_SEARCH_PATHS = (
					"$(inherited)",
					"/Users/gagegreg/Dropbox/Backyard\\ Brains/Code/RoboRoach/Software/iOS",
					"/Users/gagegreg/Dropbox/Backyard\\ Brains/Code/RoboRoach/Software/iOS/Static\\ Frameworks",
					"/Users/gagegreg/Dropbox/Backyard\\ Brains/Code/RoboRoach/Software/iOS/Static\\ Frameworks/TestFlight",
				);
				PRODUCT_NAME = "$(TARGET_NAME)";
				PROVISIONING_PROFILE = "";
				TARGETED_DEVICE_FAMILY = 1;
				WRAPPER_EXTENSION = app;
			};
			name = Debug;
		};
		6F7A9F1C171A1732004B1575 /* Release */ = {
			isa = XCBuildConfiguration;
			buildSettings = {
				CODE_SIGN_IDENTITY = "iPhone Developer";
				"CODE_SIGN_IDENTITY[sdk=iphoneos*]" = "iPhone Developer";
				FRAMEWORK_SEARCH_PATHS = (
					"$(inherited)",
					"$(SRCROOT)/Static\\\\\\ Frameworks",
					"/Users/gagegreg/Dropbox/Backyard\\ Brains/Code/RoboRoach/Software/iOS/Static\\ Frameworks",
				);
				"FRAMEWORK_SEARCH_PATHS[arch=*]" = (
					"$(inherited)",
					"$(SRCROOT)/Static\\ Frameworks\\",
				);
				GCC_PRECOMPILE_PREFIX_HEADER = YES;
				GCC_PREFIX_HEADER = "RoboRoach/RoboRoach-Prefix.pch";
				INFOPLIST_FILE = "RoboRoach/RoboRoach-Info.plist";
				IPHONEOS_DEPLOYMENT_TARGET = 6.0;
				LIBRARY_SEARCH_PATHS = (
					"$(inherited)",
					"/Users/gagegreg/Dropbox/Backyard\\ Brains/Code/RoboRoach/Software/iOS",
					"/Users/gagegreg/Dropbox/Backyard\\ Brains/Code/RoboRoach/Software/iOS/Static\\ Frameworks",
					"/Users/gagegreg/Dropbox/Backyard\\ Brains/Code/RoboRoach/Software/iOS/Static\\ Frameworks/TestFlight",
				);
				PRODUCT_NAME = "$(TARGET_NAME)";
				PROVISIONING_PROFILE = "";
				"PROVISIONING_PROFILE[sdk=iphoneos*]" = "9DF592A3-0175-4311-9BA6-31E9A6B65AC7";
				TARGETED_DEVICE_FAMILY = 1;
				WRAPPER_EXTENSION = app;
			};
			name = Release;
		};
/* End XCBuildConfiguration section */

/* Begin XCConfigurationList section */
		6F7A9EEF171A1732004B1575 /* Build configuration list for PBXProject "RoboRoach" */ = {
			isa = XCConfigurationList;
			buildConfigurations = (
				6F7A9F18171A1732004B1575 /* Debug */,
				6F7A9F19171A1732004B1575 /* Release */,
			);
			defaultConfigurationIsVisible = 0;
			defaultConfigurationName = Release;
		};
		6F7A9F1A171A1732004B1575 /* Build configuration list for PBXNativeTarget "RoboRoach" */ = {
			isa = XCConfigurationList;
			buildConfigurations = (
				6F7A9F1B171A1732004B1575 /* Debug */,
				6F7A9F1C171A1732004B1575 /* Release */,
			);
			defaultConfigurationIsVisible = 0;
			defaultConfigurationName = Release;
		};
/* End XCConfigurationList section */
	};
	rootObject = 6F7A9EEC171A1732004B1575 /* Project object */;
}
